
Microsoft Visual Studio Solution File, Format Version 12.00
# Visual Studio Version 17
VisualStudioVersion = 17.9.34622.214
MinimumVisualStudioVersion = 10.0.40219.1
Project("{9A19103F-16F7-4668-BE54-9A1E7A4F7556}") = "MovieTitler", "MovieTitler\MovieTitler.csproj", "{999B9FB7-0C48-4758-B823-0AEBE30E1E60}"
EndProject
Project("{6EC3EE1D-3C4E-46DD-8F32-0CC8E7565705}") = "MovieTitler.Generation", "MovieTitler.Generation\MovieTitler.Generation.fsproj", "{E4994B66-0EA4-45B7-A544-30DEECC4DE2B}"
EndProject
Project("{9A19103F-16F7-4668-BE54-9A1E7A4F7556}") = "MovieTitler.Data", "MovieTitler.Data\MovieTitler.Data.csproj", "{3E880FC1-E5A0-4477-9EEF-7AC3DA1AF15C}"
EndProject
Project("{F2A71F9B-5D33-465A-A702-920D77279786}") = "MovieTitler.LowLevel", "MovieTitler.LowLevel\MovieTitler.LowLevel.fsproj", "{FD4160D7-AFEA-4C3D-8390-3F3BFECDE0DD}"
EndProject
Project("{F184B08F-C81C-45F6-A57F-5ABD9991F28F}") = "MovieTitler.Interfaces", "MovieTitler.Interfaces\MovieTitler.Interfaces.vbproj", "{04149368-9146-4092-AC54-C458C4402A0D}"
EndProject
Global
	GlobalSection(SolutionConfigurationPlatforms) = preSolution
		Debug|Any CPU = Debug|Any CPU
		Release|Any CPU = Release|Any CPU
	EndGlobalSection
	GlobalSection(ProjectConfigurationPlatforms) = postSolution
		{999B9FB7-0C48-4758-B823-0AEBE30E1E60}.Debug|Any CPU.ActiveCfg = Debug|Any CPU
		{999B9FB7-0C48-4758-B823-0AEBE30E1E60}.Debug|Any CPU.Build.0 = Debug|Any CPU
		{999B9FB7-0C48-4758-B823-0AEBE30E1E60}.Release|Any CPU.ActiveCfg = Release|Any CPU
		{999B9FB7-0C48-4758-B823-0AEBE30E1E60}.Release|Any CPU.Build.0 = Release|Any CPU
		{E4994B66-0EA4-45B7-A544-30DEECC4DE2B}.Debug|Any CPU.ActiveCfg = Debug|Any CPU
		{E4994B66-0EA4-45B7-A544-30DEECC4DE2B}.Debug|Any CPU.Build.0 = Debug|Any CPU
		{E4994B66-0EA4-45B7-A544-30DEECC4DE2B}.Release|Any CPU.ActiveCfg = Release|Any CPU
		{E4994B66-0EA4-45B7-A544-30DEECC4DE2B}.Release|Any CPU.Build.0 = Release|Any CPU
		{3E880FC1-E5A0-4477-9EEF-7AC3DA1AF15C}.Debug|Any CPU.ActiveCfg = Debug|Any CPU
		{3E880FC1-E5A0-4477-9EEF-7AC3DA1AF15C}.Debug|Any CPU.Build.0 = Debug|Any CPU
		{3E880FC1-E5A0-4477-9EEF-7AC3DA1AF15C}.Release|Any CPU.ActiveCfg = Release|Any CPU
		{3E880FC1-E5A0-4477-9EEF-7AC3DA1AF15C}.Release|Any CPU.Build.0 = Release|Any CPU
		{FD4160D7-AFEA-4C3D-8390-3F3BFECDE0DD}.Debug|Any CPU.ActiveCfg = Debug|Any CPU
		{FD4160D7-AFEA-4C3D-8390-3F3BFECDE0DD}.Debug|Any CPU.Build.0 = Debug|Any CPU
		{FD4160D7-AFEA-4C3D-8390-3F3BFECDE0DD}.Release|Any CPU.ActiveCfg = Release|Any CPU
		{FD4160D7-AFEA-4C3D-8390-3F3BFECDE0DD}.Release|Any CPU.Build.0 = Release|Any CPU
		{04149368-9146-4092-AC54-C458C4402A0D}.Debug|Any CPU.ActiveCfg = Debug|Any CPU
		{04149368-9146-4092-AC54-C458C4402A0D}.Debug|Any CPU.Build.0 = Debug|Any CPU
		{04149368-9146-4092-AC54-C458C4402A0D}.Release|Any CPU.ActiveCfg = Release|Any CPU
		{04149368-9146-4092-AC54-C458C4402A0D}.Release|Any CPU.Build.0 = Release|Any CPU
	EndGlobalSection
	GlobalSection(SolutionProperties) = preSolution
		HideSolutionNode = FALSE
	EndGlobalSection
	GlobalSection(ExtensibilityGlobals) = postSolution
		SolutionGuid = {8C9BA56C-B32A-41E8-A1D8-BC6673157544}
	EndGlobalSection
EndGlobal
